// !$*UTF8*$!
{
	archiveVersion = 1;
	classes = {
	};
	objectVersion = 50;
	objects = {

/* Begin PBXBuildFile section */
		C553F6842348A98E00197474 /* AppDelegate.swift in Sources */ = {isa = PBXBuildFile; fileRef = C553F6832348A98E00197474 /* AppDelegate.swift */; };
		C553F6862348A98E00197474 /* art.scnassets in Resources */ = {isa = PBXBuildFile; fileRef = C553F6852348A98E00197474 /* art.scnassets */; };
		C553F6882348A98E00197474 /* ViewController.swift in Sources */ = {isa = PBXBuildFile; fileRef = C553F6872348A98E00197474 /* ViewController.swift */; };
		C553F68B2348A98E00197474 /* Main.storyboard in Resources */ = {isa = PBXBuildFile; fileRef = C553F6892348A98E00197474 /* Main.storyboard */; };
		C553F68D2348A99400197474 /* Assets.xcassets in Resources */ = {isa = PBXBuildFile; fileRef = C553F68C2348A99400197474 /* Assets.xcassets */; };
		C553F6902348A99400197474 /* LaunchScreen.storyboard in Resources */ = {isa = PBXBuildFile; fileRef = C553F68E2348A99400197474 /* LaunchScreen.storyboard */; };
		C553F69B2348A99400197474 /* arkit_tapTests.swift in Sources */ = {isa = PBXBuildFile; fileRef = C553F69A2348A99400197474 /* arkit_tapTests.swift */; };
		C553F6A62348A99400197474 /* arkit_tapUITests.swift in Sources */ = {isa = PBXBuildFile; fileRef = C553F6A52348A99400197474 /* arkit_tapUITests.swift */; };
/* End PBXBuildFile section */

/* Begin PBXContainerItemProxy section */
		C553F6972348A99400197474 /* PBXContainerItemProxy */ = {
			isa = PBXContainerItemProxy;
			containerPortal = C553F6782348A98E00197474 /* Project object */;
			proxyType = 1;
			remoteGlobalIDString = C553F67F2348A98E00197474;
			remoteInfo = arkit_tap;
		};
		C553F6A22348A99400197474 /* PBXContainerItemProxy */ = {
			isa = PBXContainerItemProxy;
			containerPortal = C553F6782348A98E00197474 /* Project object */;
			proxyType = 1;
			remoteGlobalIDString = C553F67F2348A98E00197474;
			remoteInfo = arkit_tap;
		};
/* End PBXContainerItemProxy section */

/* Begin PBXFileReference section */
		C553F6802348A98E00197474 /* arkit_tap.app */ = {isa = PBXFileReference; explicitFileType = wrapper.application; includeInIndex = 0; path = arkit_tap.app; sourceTree = BUILT_PRODUCTS_DIR; };
		C553F6832348A98E00197474 /* AppDelegate.swift */ = {isa = PBXFileReference; lastKnownFileType = sourcecode.swift; path = AppDelegate.swift; sourceTree = "<group>"; };
		C553F6852348A98E00197474 /* art.scnassets */ = {isa = PBXFileReference; lastKnownFileType = wrapper.scnassets; path = art.scnassets; sourceTree = "<group>"; };
		C553F6872348A98E00197474 /* ViewController.swift */ = {isa = PBXFileReference; lastKnownFileType = sourcecode.swift; path = ViewController.swift; sourceTree = "<group>"; };
		C553F68A2348A98E00197474 /* Base */ = {isa = PBXFileReference; lastKnownFileType = file.storyboard; name = Base; path = Base.lproj/Main.storyboard; sourceTree = "<group>"; };
		C553F68C2348A99400197474 /* Assets.xcassets */ = {isa = PBXFileReference; lastKnownFileType = folder.assetcatalog; path = Assets.xcassets; sourceTree = "<group>"; };
		C553F68F2348A99400197474 /* Base */ = {isa = PBXFileReference; lastKnownFileType = file.storyboard; name = Base; path = Base.lproj/LaunchScreen.storyboard; sourceTree = "<group>"; };
		C553F6912348A99400197474 /* Info.plist */ = {isa = PBXFileReference; lastKnownFileType = text.plist.xml; path = Info.plist; sourceTree = "<group>"; };
		C553F6962348A99400197474 /* arkit_tapTests.xctest */ = {isa = PBXFileReference; explicitFileType = wrapper.cfbundle; includeInIndex = 0; path = arkit_tapTests.xctest; sourceTree = BUILT_PRODUCTS_DIR; };
		C553F69A2348A99400197474 /* arkit_tapTests.swift */ = {isa = PBXFileReference; lastKnownFileType = sourcecode.swift; path = arkit_tapTests.swift; sourceTree = "<group>"; };
		C553F69C2348A99400197474 /* Info.plist */ = {isa = PBXFileReference; lastKnownFileType = text.plist.xml; path = Info.plist; sourceTree = "<group>"; };
		C553F6A12348A99400197474 /* arkit_tapUITests.xctest */ = {isa = PBXFileReference; explicitFileType = wrapper.cfbundle; includeInIndex = 0; path = arkit_tapUITests.xctest; sourceTree = BUILT_PRODUCTS_DIR; };
		C553F6A52348A99400197474 /* arkit_tapUITests.swift */ = {isa = PBXFileReference; lastKnownFileType = sourcecode.swift; path = arkit_tapUITests.swift; sourceTree = "<group>"; };
		C553F6A72348A99400197474 /* Info.plist */ = {isa = PBXFileReference; lastKnownFileType = text.plist.xml; path = Info.plist; sourceTree = "<group>"; };
/* End PBXFileReference section */

/* Begin PBXFrameworksBuildPhase section */
		C553F67D2348A98E00197474 /* Frameworks */ = {
			isa = PBXFrameworksBuildPhase;
			buildActionMask = 2147483647;
			files = (
			);
			runOnlyForDeploymentPostprocessing = 0;
		};
		C553F6932348A99400197474 /* Frameworks */ = {
			isa = PBXFrameworksBuildPhase;
			buildActionMask = 2147483647;
			files = (
			);
			runOnlyForDeploymentPostprocessing = 0;
		};
		C553F69E2348A99400197474 /* Frameworks */ = {
			isa = PBXFrameworksBuildPhase;
			buildActionMask = 2147483647;
			files = (
			);
			runOnlyForDeploymentPostprocessing = 0;
		};
/* End PBXFrameworksBuildPhase section */

/* Begin PBXGroup section */
		C553F6772348A98E00197474 = {
			isa = PBXGroup;
			children = (
				C553F6822348A98E00197474 /* arkit_tap */,
				C553F6992348A99400197474 /* arkit_tapTests */,
				C553F6A42348A99400197474 /* arkit_tapUITests */,
				C553F6812348A98E00197474 /* Products */,
			);
			sourceTree = "<group>";
		};
		C553F6812348A98E00197474 /* Products */ = {
			isa = PBXGroup;
			children = (
				C553F6802348A98E00197474 /* arkit_tap.app */,
				C553F6962348A99400197474 /* arkit_tapTests.xctest */,
				C553F6A12348A99400197474 /* arkit_tapUITests.xctest */,
			);
			name = Products;
			sourceTree = "<group>";
		};
		C553F6822348A98E00197474 /* arkit_tap */ = {
			isa = PBXGroup;
			children = (
				C553F6832348A98E00197474 /* AppDelegate.swift */,
				C553F6852348A98E00197474 /* art.scnassets */,
				C553F6872348A98E00197474 /* ViewController.swift */,
				C553F6892348A98E00197474 /* Main.storyboard */,
				C553F68C2348A99400197474 /* Assets.xcassets */,
				C553F68E2348A99400197474 /* LaunchScreen.storyboard */,
				C553F6912348A99400197474 /* Info.plist */,
			);
			path = arkit_tap;
			sourceTree = "<group>";
		};
		C553F6992348A99400197474 /* arkit_tapTests */ = {
			isa = PBXGroup;
			children = (
				C553F69A2348A99400197474 /* arkit_tapTests.swift */,
				C553F69C2348A99400197474 /* Info.plist */,
			);
			path = arkit_tapTests;
			sourceTree = "<group>";
		};
		C553F6A42348A99400197474 /* arkit_tapUITests */ = {
			isa = PBXGroup;
			children = (
				C553F6A52348A99400197474 /* arkit_tapUITests.swift */,
				C553F6A72348A99400197474 /* Info.plist */,
			);
			path = arkit_tapUITests;
			sourceTree = "<group>";
		};
/* End PBXGroup section */

/* Begin PBXNativeTarget section */
		C553F67F2348A98E00197474 /* arkit_tap */ = {
			isa = PBXNativeTarget;
			buildConfigurationList = C553F6AA2348A99400197474 /* Build configuration list for PBXNativeTarget "arkit_tap" */;
			buildPhases = (
				C553F67C2348A98E00197474 /* Sources */,
				C553F67D2348A98E00197474 /* Frameworks */,
				C553F67E2348A98E00197474 /* Resources */,
			);
			buildRules = (
			);
			dependencies = (
			);
			name = arkit_tap;
			productName = arkit_tap;
			productReference = C553F6802348A98E00197474 /* arkit_tap.app */;
			productType = "com.apple.product-type.application";
		};
		C553F6952348A99400197474 /* arkit_tapTests */ = {
			isa = PBXNativeTarget;
			buildConfigurationList = C553F6AD2348A99400197474 /* Build configuration list for PBXNativeTarget "arkit_tapTests" */;
			buildPhases = (
				C553F6922348A99400197474 /* Sources */,
				C553F6932348A99400197474 /* Frameworks */,
				C553F6942348A99400197474 /* Resources */,
			);
			buildRules = (
			);
			dependencies = (
				C553F6982348A99400197474 /* PBXTargetDependency */,
			);
			name = arkit_tapTests;
			productName = arkit_tapTests;
			productReference = C553F6962348A99400197474 /* arkit_tapTests.xctest */;
			productType = "com.apple.product-type.bundle.unit-test";
		};
		C553F6A02348A99400197474 /* arkit_tapUITests */ = {
			isa = PBXNativeTarget;
			buildConfigurationList = C553F6B02348A99400197474 /* Build configuration list for PBXNativeTarget "arkit_tapUITests" */;
			buildPhases = (
				C553F69D2348A99400197474 /* Sources */,
				C553F69E2348A99400197474 /* Frameworks */,
				C553F69F2348A99400197474 /* Resources */,
			);
			buildRules = (
			);
			dependencies = (
				C553F6A32348A99400197474 /* PBXTargetDependency */,
			);
			name = arkit_tapUITests;
			productName = arkit_tapUITests;
			productReference = C553F6A12348A99400197474 /* arkit_tapUITests.xctest */;
			productType = "com.apple.product-type.bundle.ui-testing";
		};
/* End PBXNativeTarget section */

/* Begin PBXProject section */
		C553F6782348A98E00197474 /* Project object */ = {
			isa = PBXProject;
			attributes = {
				LastSwiftUpdateCheck = 1100;
				LastUpgradeCheck = 1100;
				ORGANIZATIONNAME = "中山雅也";
				TargetAttributes = {
					C553F67F2348A98E00197474 = {
						CreatedOnToolsVersion = 11.0;
					};
					C553F6952348A99400197474 = {
						CreatedOnToolsVersion = 11.0;
						TestTargetID = C553F67F2348A98E00197474;
					};
					C553F6A02348A99400197474 = {
						CreatedOnToolsVersion = 11.0;
						TestTargetID = C553F67F2348A98E00197474;
					};
				};
			};
			buildConfigurationList = C553F67B2348A98E00197474 /* Build configuration list for PBXProject "arkit_tap" */;
			compatibilityVersion = "Xcode 9.3";
			developmentRegion = en;
			hasScannedForEncodings = 0;
			knownRegions = (
				en,
				Base,
			);
			mainGroup = C553F6772348A98E00197474;
			productRefGroup = C553F6812348A98E00197474 /* Products */;
			projectDirPath = "";
			projectRoot = "";
			targets = (
				C553F67F2348A98E00197474 /* arkit_tap */,
				C553F6952348A99400197474 /* arkit_tapTests */,
				C553F6A02348A99400197474 /* arkit_tapUITests */,
			);
		};
/* End PBXProject section */

/* Begin PBXResourcesBuildPhase section */
		C553F67E2348A98E00197474 /* Resources */ = {
			isa = PBXResourcesBuildPhase;
			buildActionMask = 2147483647;
			files = (
				C553F6862348A98E00197474 /* art.scnassets in Resources */,
				C553F6902348A99400197474 /* LaunchScreen.storyboard in Resources */,
				C553F68D2348A99400197474 /* Assets.xcassets in Resources */,
				C553F68B2348A98E00197474 /* Main.storyboard in Resources */,
			);
			runOnlyForDeploymentPostprocessing = 0;
		};
		C553F6942348A99400197474 /* Resources */ = {
			isa = PBXResourcesBuildPhase;
			buildActionMask = 2147483647;
			files = (
			);
			runOnlyForDeploymentPostprocessing = 0;
		};
		C553F69F2348A99400197474 /* Resources */ = {
			isa = PBXResourcesBuildPhase;
			buildActionMask = 2147483647;
			files = (
			);
			runOnlyForDeploymentPostprocessing = 0;
		};
/* End PBXResourcesBuildPhase section */

/* Begin PBXSourcesBuildPhase section */
		C553F67C2348A98E00197474 /* Sources */ = {
			isa = PBXSourcesBuildPhase;
			buildActionMask = 2147483647;
			files = (
				C553F6882348A98E00197474 /* ViewController.swift in Sources */,
				C553F6842348A98E00197474 /* AppDelegate.swift in Sources */,
			);
			runOnlyForDeploymentPostprocessing = 0;
		};
		C553F6922348A99400197474 /* Sources */ = {
			isa = PBXSourcesBuildPhase;
			buildActionMask = 2147483647;
			files = (
				C553F69B2348A99400197474 /* arkit_tapTests.swift in Sources */,
			);
			runOnlyForDeploymentPostprocessing = 0;
		};
		C553F69D2348A99400197474 /* Sources */ = {
			isa = PBXSourcesBuildPhase;
			buildActionMask = 2147483647;
			files = (
				C553F6A62348A99400197474 /* arkit_tapUITests.swift in Sources */,
			);
			runOnlyForDeploymentPostprocessing = 0;
		};
/* End PBXSourcesBuildPhase section */

/* Begin PBXTargetDependency section */
		C553F6982348A99400197474 /* PBXTargetDependency */ = {
			isa = PBXTargetDependency;
			target = C553F67F2348A98E00197474 /* arkit_tap */;
			targetProxy = C553F6972348A99400197474 /* PBXContainerItemProxy */;
		};
		C553F6A32348A99400197474 /* PBXTargetDependency */ = {
			isa = PBXTargetDependency;
			target = C553F67F2348A98E00197474 /* arkit_tap */;
			targetProxy = C553F6A22348A99400197474 /* PBXContainerItemProxy */;
		};
/* End PBXTargetDependency section */

/* Begin PBXVariantGroup section */
		C553F6892348A98E00197474 /* Main.storyboard */ = {
			isa = PBXVariantGroup;
			children = (
				C553F68A2348A98E00197474 /* Base */,
			);
			name = Main.storyboard;
			sourceTree = "<group>";
		};
		C553F68E2348A99400197474 /* LaunchScreen.storyboard */ = {
			isa = PBXVariantGroup;
			children = (
				C553F68F2348A99400197474 /* Base */,
			);
			name = LaunchScreen.storyboard;
			sourceTree = "<group>";
		};
/* End PBXVariantGroup section */

/* Begin XCBuildConfiguration section */
		C553F6A82348A99400197474 /* Debug */ = {
			isa = XCBuildConfiguration;
			buildSettings = {
				ALWAYS_SEARCH_USER_PATHS = NO;
				CLANG_ANALYZER_NONNULL = YES;
				CLANG_ANALYZER_NUMBER_OBJECT_CONVERSION = YES_AGGRESSIVE;
				CLANG_CXX_LANGUAGE_STANDARD = "gnu++14";
				CLANG_CXX_LIBRARY = "libc++";
				CLANG_ENABLE_MODULES = YES;
				CLANG_ENABLE_OBJC_ARC = YES;
				CLANG_ENABLE_OBJC_WEAK = YES;
				CLANG_WARN_BLOCK_CAPTURE_AUTORELEASING = YES;
				CLANG_WARN_BOOL_CONVERSION = YES;
				CLANG_WARN_COMMA = YES;
				CLANG_WARN_CONSTANT_CONVERSION = YES;
				CLANG_WARN_DEPRECATED_OBJC_IMPLEMENTATIONS = YES;
				CLANG_WARN_DIRECT_OBJC_ISA_USAGE = YES_ERROR;
				CLANG_WARN_DOCUMENTATION_COMMENTS = YES;
				CLANG_WARN_EMPTY_BODY = YES;
				CLANG_WARN_ENUM_CONVERSION = YES;
				CLANG_WARN_INFINITE_RECURSION = YES;
				CLANG_WARN_INT_CONVERSION = YES;
				CLANG_WARN_NON_LITERAL_NULL_CONVERSION = YES;
				CLANG_WARN_OBJC_IMPLICIT_RETAIN_SELF = YES;
				CLANG_WARN_OBJC_LITERAL_CONVERSION = YES;
				CLANG_WARN_OBJC_ROOT_CLASS = YES_ERROR;
				CLANG_WARN_RANGE_LOOP_ANALYSIS = YES;
				CLANG_WARN_STRICT_PROTOTYPES = YES;
				CLANG_WARN_SUSPICIOUS_MOVE = YES;
				CLANG_WARN_UNGUARDED_AVAILABILITY = YES_AGGRESSIVE;
				CLANG_WARN_UNREACHABLE_CODE = YES;
				CLANG_WARN__DUPLICATE_METHOD_MATCH = YES;
				COPY_PHASE_STRIP = NO;
				DEBUG_INFORMATION_FORMAT = dwarf;
				ENABLE_STRICT_OBJC_MSGSEND = YES;
				ENABLE_TESTABILITY = YES;
				GCC_C_LANGUAGE_STANDARD = gnu11;
				GCC_DYNAMIC_NO_PIC = NO;
				GCC_NO_COMMON_BLOCKS = YES;
				GCC_OPTIMIZATION_LEVEL = 0;
				GCC_PREPROCESSOR_DEFINITIONS = (
					"DEBUG=1",
					"$(inherited)",
				);
				GCC_WARN_64_TO_32_BIT_CONVERSION = YES;
				GCC_WARN_ABOUT_RETURN_TYPE = YES_ERROR;
				GCC_WARN_UNDECLARED_SELECTOR = YES;
				GCC_WARN_UNINITIALIZED_AUTOS = YES_AGGRESSIVE;
				GCC_WARN_UNUSED_FUNCTION = YES;
				GCC_WARN_UNUSED_VARIABLE = YES;
				IPHONEOS_DEPLOYMENT_TARGET = 13.0;
				MTL_ENABLE_DEBUG_INFO = INCLUDE_SOURCE;
				MTL_FAST_MATH = YES;
				ONLY_ACTIVE_ARCH = YES;
				SDKROOT = iphoneos;
				SWIFT_ACTIVE_COMPILATION_CONDITIONS = DEBUG;
				SWIFT_OPTIMIZATION_LEVEL = "-Onone";
			};
			name = Debug;
		};
		C553F6A92348A99400197474 /* Release */ = {
			isa = XCBuildConfiguration;
			buildSettings = {
				ALWAYS_SEARCH_USER_PATHS = NO;
				CLANG_ANALYZER_NONNULL = YES;
				CLANG_ANALYZER_NUMBER_OBJECT_CONVERSION = YES_AGGRESSIVE;
				CLANG_CXX_LANGUAGE_STANDARD = "gnu++14";
				CLANG_CXX_LIBRARY = "libc++";
				CLANG_ENABLE_MODULES = YES;
				CLANG_ENABLE_OBJC_ARC = YES;
				CLANG_ENABLE_OBJC_WEAK = YES;
				CLANG_WARN_BLOCK_CAPTURE_AUTORELEASING = YES;
				CLANG_WARN_BOOL_CONVERSION = YES;
				CLANG_WARN_COMMA = YES;
				CLANG_WARN_CONSTANT_CONVERSION = YES;
				CLANG_WARN_DEPRECATED_OBJC_IMPLEMENTATIONS = YES;
				CLANG_WARN_DIRECT_OBJC_ISA_USAGE = YES_ERROR;
				CLANG_WARN_DOCUMENTATION_COMMENTS = YES;
				CLANG_WARN_EMPTY_BODY = YES;
				CLANG_WARN_ENUM_CONVERSION = YES;
				CLANG_WARN_INFINITE_RECURSION = YES;
				CLANG_WARN_INT_CONVERSION = YES;
				CLANG_WARN_NON_LITERAL_NULL_CONVERSION = YES;
				CLANG_WARN_OBJC_IMPLICIT_RETAIN_SELF = YES;
				CLANG_WARN_OBJC_LITERAL_CONVERSION = YES;
				CLANG_WARN_OBJC_ROOT_CLASS = YES_ERROR;
				CLANG_WARN_RANGE_LOOP_ANALYSIS = YES;
				CLANG_WARN_STRICT_PROTOTYPES = YES;
				CLANG_WARN_SUSPICIOUS_MOVE = YES;
				CLANG_WARN_UNGUARDED_AVAILABILITY = YES_AGGRESSIVE;
				CLANG_WARN_UNREACHABLE_CODE = YES;
				CLANG_WARN__DUPLICATE_METHOD_MATCH = YES;
				COPY_PHASE_STRIP = NO;
				DEBUG_INFORMATION_FORMAT = "dwarf-with-dsym";
				ENABLE_NS_ASSERTIONS = NO;
				ENABLE_STRICT_OBJC_MSGSEND = YES;
				GCC_C_LANGUAGE_STANDARD = gnu11;
				GCC_NO_COMMON_BLOCKS = YES;
				GCC_WARN_64_TO_32_BIT_CONVERSION = YES;
				GCC_WARN_ABOUT_RETURN_TYPE = YES_ERROR;
				GCC_WARN_UNDECLARED_SELECTOR = YES;
				GCC_WARN_UNINITIALIZED_AUTOS = YES_AGGRESSIVE;
				GCC_WARN_UNUSED_FUNCTION = YES;
				GCC_WARN_UNUSED_VARIABLE = YES;
				IPHONEOS_DEPLOYMENT_TARGET = 13.0;
				MTL_ENABLE_DEBUG_INFO = NO;
				MTL_FAST_MATH = YES;
				SDKROOT = iphoneos;
				SWIFT_COMPILATION_MODE = wholemodule;
				SWIFT_OPTIMIZATION_LEVEL = "-O";
				VALIDATE_PRODUCT = YES;
			};
			name = Release;
		};
		C553F6AB2348A99400197474 /* Debug */ = {
			isa = XCBuildConfiguration;
			buildSettings = {
				ASSETCATALOG_COMPILER_APPICON_NAME = AppIcon;
				CODE_SIGN_STYLE = Automatic;
				DEVELOPMENT_TEAM = SF5V296X8N;
				INFOPLIST_FILE = arkit_tap/Info.plist;
				LD_RUNPATH_SEARCH_PATHS = (
					"$(inherited)",
					"@executable_path/Frameworks",
				);
				PRODUCT_BUNDLE_IDENTIFIER = "example.com.arkit-tap";
				PRODUCT_NAME = "$(TARGET_NAME)";
				SWIFT_VERSION = 5.0;
				TARGETED_DEVICE_FAMILY = "1,2";
			};
			name = Debug;
		};
		C553F6AC2348A99400197474 /* Release */ = {
			isa = XCBuildConfiguration;
			buildSettings = {
				ASSETCATALOG_COMPILER_APPICON_NAME = AppIcon;
				CODE_SIGN_STYLE = Automatic;
				DEVELOPMENT_TEAM = SF5V296X8N;
				INFOPLIST_FILE = arkit_tap/Info.plist;
				LD_RUNPATH_SEARCH_PATHS = (
					"$(inherited)",
					"@executable_path/Frameworks",
				);
				PRODUCT_BUNDLE_IDENTIFIER = "example.com.arkit-tap";
				PRODUCT_NAME = "$(TARGET_NAME)";
				SWIFT_VERSION = 5.0;
				TARGETED_DEVICE_FAMILY = "1,2";
			};
			name = Release;
		};
		C553F6AE2348A99400197474 /* Debug */ = {
			isa = XCBuildConfiguration;
			buildSettings = {
				ALWAYS_EMBED_SWIFT_STANDARD_LIBRARIES = YES;
				BUNDLE_LOADER = "$(TEST_HOST)";
				CODE_SIGN_STYLE = Automatic;
				DEVELOPMENT_TEAM = SF5V296X8N;
				INFOPLIST_FILE = arkit_tapTests/Info.plist;
				IPHONEOS_DEPLOYMENT_TARGET = 13.0;
				LD_RUNPATH_SEARCH_PATHS = (
					"$(inherited)",
					"@executable_path/Frameworks",
					"@loader_path/Frameworks",
				);
				PRODUCT_BUNDLE_IDENTIFIER = "example.com.arkit-tapTests";
				PRODUCT_NAME = "$(TARGET_NAME)";
				SWIFT_VERSION = 5.0;
				TARGETED_DEVICE_FAMILY = "1,2";
				TEST_HOST = "$(BUILT_PRODUCTS_DIR)/arkit_tap.app/arkit_tap";
			};
			name = Debug;
		};
		C553F6AF2348A99400197474 /* Release */ = {
			isa = XCBuildConfiguration;
			buildSettings = {
				ALWAYS_EMBED_SWIFT_STANDARD_LIBRARIES = YES;
				BUNDLE_LOADER = "$(TEST_HOST)";
				CODE_SIGN_STYLE = Automatic;
				DEVELOPMENT_TEAM = SF5V296X8N;
				INFOPLIST_FILE = arkit_tapTests/Info.plist;
				IPHONEOS_DEPLOYMENT_TARGET = 13.0;
				LD_RUNPATH_SEARCH_PATHS = (
					"$(inherited)",
					"@executable_path/Frameworks",
					"@loader_path/Frameworks",
				);
				PRODUCT_BUNDLE_IDENTIFIER = "example.com.arkit-tapTests";
				PRODUCT_NAME = "$(TARGET_NAME)";
				SWIFT_VERSION = 5.0;
				TARGETED_DEVICE_FAMILY = "1,2";
				TEST_HOST = "$(BUILT_PRODUCTS_DIR)/arkit_tap.app/arkit_tap";
			};
			name = Release;
		};
		C553F6B12348A99400197474 /* Debug */ = {
			isa = XCBuildConfiguration;
			buildSettings = {
				ALWAYS_EMBED_SWIFT_STANDARD_LIBRARIES = YES;
				CODE_SIGN_STYLE = Automatic;
				DEVELOPMENT_TEAM = SF5V296X8N;
				INFOPLIST_FILE = arkit_tapUITests/Info.plist;
				LD_RUNPATH_SEARCH_PATHS = (
					"$(inherited)",
					"@executable_path/Frameworks",
					"@loader_path/Frameworks",
				);
				PRODUCT_BUNDLE_IDENTIFIER = "example.com.arkit-tapUITests";
				PRODUCT_NAME = "$(TARGET_NAME)";
				SWIFT_VERSION = 5.0;
				TARGETED_DEVICE_FAMILY = "1,2";
				TEST_TARGET_NAME = arkit_tap;
			};
			name = Debug;
		};
		C553F6B22348A99400197474 /* Release */ = {
			isa = XCBuildConfiguration;
			buildSettings = {
				ALWAYS_EMBED_SWIFT_STANDARD_LIBRARIES = YES;
				CODE_SIGN_STYLE = Automatic;
				DEVELOPMENT_TEAM = SF5V296X8N;
				INFOPLIST_FILE = arkit_tapUITests/Info.plist;
				LD_RUNPATH_SEARCH_PATHS = (
					"$(inherited)",
					"@executable_path/Frameworks",
					"@loader_path/Frameworks",
				);
				PRODUCT_BUNDLE_IDENTIFIER = "example.com.arkit-tapUITests";
				PRODUCT_NAME = "$(TARGET_NAME)";
				SWIFT_VERSION = 5.0;
				TARGETED_DEVICE_FAMILY = "1,2";
				TEST_TARGET_NAME = arkit_tap;
			};
			name = Release;
		};
/* End XCBuildConfiguration section */

/* Begin XCConfigurationList section */
		C553F67B2348A98E00197474 /* Build configuration list for PBXProject "arkit_tap" */ = {
			isa = XCConfigurationList;
			buildConfigurations = (
				C553F6A82348A99400197474 /* Debug */,
				C553F6A92348A99400197474 /* Release */,
			);
			defaultConfigurationIsVisible = 0;
			defaultConfigurationName = Release;
		};
		C553F6AA2348A99400197474 /* Build configuration list for PBXNativeTarget "arkit_tap" */ = {
			isa = XCConfigurationList;
			buildConfigurations = (
				C553F6AB2348A99400197474 /* Debug */,
				C553F6AC2348A99400197474 /* Release */,
			);
			defaultConfigurationIsVisible = 0;
			defaultConfigurationName = Release;
		};
		C553F6AD2348A99400197474 /* Build configuration list for PBXNativeTarget "arkit_tapTests" */ = {
			isa = XCConfigurationList;
			buildConfigurations = (
				C553F6AE2348A99400197474 /* Debug */,
				C553F6AF2348A99400197474 /* Release */,
			);
			defaultConfigurationIsVisible = 0;
			defaultConfigurationName = Release;
		};
		C553F6B02348A99400197474 /* Build configuration list for PBXNativeTarget "arkit_tapUITests" */ = {
			isa = XCConfigurationList;
			buildConfigurations = (
				C553F6B12348A99400197474 /* Debug */,
				C553F6B22348A99400197474 /* Release */,
			);
			defaultConfigurationIsVisible = 0;
			defaultConfigurationName = Release;
		};
/* End XCConfigurationList section */
	};
	rootObject = C553F6782348A98E00197474 /* Project object */;
}
